
Microsoft Visual Studio Solution File, Format Version 12.00
# Visual Studio 14
VisualStudioVersion = 14.0.23107.0
MinimumVisualStudioVersion = 10.0.40219.1
Project("{FAE04EC0-301F-11D3-BF4B-00C04F79EFBC}") = "DD4T.ContentModel.Contracts", "DD4T.ContentModel.Contracts\DD4T.ContentModel.Contracts.csproj", "{C21F66F0-01CE-4AF3-B76C-CD262B7EA1C0}"
EndProject
Project("{FAE04EC0-301F-11D3-BF4B-00C04F79EFBC}") = "DD4T.ContentModel", "DD4T.ContentModel\DD4T.ContentModel.csproj", "{83F5CFC2-14D5-4190-B51D-7AF7A69B67E9}"
EndProject
Project("{2150E333-8FDC-42A3-9474-1A3956D46DE8}") = "Solution Items", "Solution Items", "{DB974FDB-3490-4356-BB72-876E5185A973}"
	ProjectSection(SolutionItems) = preProject
		Solution Items\AssemblyInfo.cs = Solution Items\AssemblyInfo.cs
		Solution Items\dynamicdelivery.snk = Solution Items\dynamicdelivery.snk
	EndProjectSection
EndProject
Project("{FAE04EC0-301F-11D3-BF4B-00C04F79EFBC}") = "DD4T.Serialization", "DD4T.Serialization\DD4T.Serialization.csproj", "{849A21D3-5863-4C43-98D3-6B8B83B9300F}"
EndProject
Project("{2150E333-8FDC-42A3-9474-1A3956D46DE8}") = ".nuget", ".nuget", "{5D190DFF-0F7D-47A4-B164-6EB12DF6F0BA}"
	ProjectSection(SolutionItems) = preProject
		.nuget\NuGet.Config = .nuget\NuGet.Config
		.nuget\NuGet.exe = .nuget\NuGet.exe
		.nuget\NuGet.targets = .nuget\NuGet.targets
	EndProjectSection
EndProject
Project("{FAE04EC0-301F-11D3-BF4B-00C04F79EFBC}") = "DD4T.Model.Test", "DD4T.Model.Test\DD4T.Model.Test.csproj", "{9A64AB73-43A0-47BB-87CD-6FE44FE52062}"
EndProject
Global
	GlobalSection(SolutionConfigurationPlatforms) = preSolution
		Debug|Any CPU = Debug|Any CPU
		Debug|Mixed Platforms = Debug|Mixed Platforms
		Debug|x86 = Debug|x86
		Release|Any CPU = Release|Any CPU
		Release|Mixed Platforms = Release|Mixed Platforms
		Release|x86 = Release|x86
	EndGlobalSection
	GlobalSection(ProjectConfigurationPlatforms) = postSolution
		{C21F66F0-01CE-4AF3-B76C-CD262B7EA1C0}.Debug|Any CPU.ActiveCfg = Debug|Any CPU
		{C21F66F0-01CE-4AF3-B76C-CD262B7EA1C0}.Debug|Any CPU.Build.0 = Debug|Any CPU
		{C21F66F0-01CE-4AF3-B76C-CD262B7EA1C0}.Debug|Mixed Platforms.ActiveCfg = Debug|Any CPU
		{C21F66F0-01CE-4AF3-B76C-CD262B7EA1C0}.Debug|Mixed Platforms.Build.0 = Debug|Any CPU
		{C21F66F0-01CE-4AF3-B76C-CD262B7EA1C0}.Debug|x86.ActiveCfg = Debug|Any CPU
		{C21F66F0-01CE-4AF3-B76C-CD262B7EA1C0}.Release|Any CPU.ActiveCfg = Release|Any CPU
		{C21F66F0-01CE-4AF3-B76C-CD262B7EA1C0}.Release|Any CPU.Build.0 = Release|Any CPU
		{C21F66F0-01CE-4AF3-B76C-CD262B7EA1C0}.Release|Mixed Platforms.ActiveCfg = Release|Any CPU
		{C21F66F0-01CE-4AF3-B76C-CD262B7EA1C0}.Release|Mixed Platforms.Build.0 = Release|Any CPU
		{C21F66F0-01CE-4AF3-B76C-CD262B7EA1C0}.Release|x86.ActiveCfg = Release|Any CPU
		{83F5CFC2-14D5-4190-B51D-7AF7A69B67E9}.Debug|Any CPU.ActiveCfg = Debug|Any CPU
		{83F5CFC2-14D5-4190-B51D-7AF7A69B67E9}.Debug|Any CPU.Build.0 = Debug|Any CPU
		{83F5CFC2-14D5-4190-B51D-7AF7A69B67E9}.Debug|Mixed Platforms.ActiveCfg = Debug|Any CPU
		{83F5CFC2-14D5-4190-B51D-7AF7A69B67E9}.Debug|Mixed Platforms.Build.0 = Debug|Any CPU
		{83F5CFC2-14D5-4190-B51D-7AF7A69B67E9}.Debug|x86.ActiveCfg = Debug|Any CPU
		{83F5CFC2-14D5-4190-B51D-7AF7A69B67E9}.Release|Any CPU.ActiveCfg = Release|Any CPU
		{83F5CFC2-14D5-4190-B51D-7AF7A69B67E9}.Release|Any CPU.Build.0 = Release|Any CPU
		{83F5CFC2-14D5-4190-B51D-7AF7A69B67E9}.Release|Mixed Platforms.ActiveCfg = Release|Any CPU
		{83F5CFC2-14D5-4190-B51D-7AF7A69B67E9}.Release|Mixed Platforms.Build.0 = Release|Any CPU
		{83F5CFC2-14D5-4190-B51D-7AF7A69B67E9}.Release|x86.ActiveCfg = Release|Any CPU
		{849A21D3-5863-4C43-98D3-6B8B83B9300F}.Debug|Any CPU.ActiveCfg = Debug|Any CPU
		{849A21D3-5863-4C43-98D3-6B8B83B9300F}.Debug|Any CPU.Build.0 = Debug|Any CPU
		{849A21D3-5863-4C43-98D3-6B8B83B9300F}.Debug|Mixed Platforms.ActiveCfg = Debug|Any CPU
		{849A21D3-5863-4C43-98D3-6B8B83B9300F}.Debug|Mixed Platforms.Build.0 = Debug|Any CPU
		{849A21D3-5863-4C43-98D3-6B8B83B9300F}.Debug|x86.ActiveCfg = Debug|Any CPU
		{849A21D3-5863-4C43-98D3-6B8B83B9300F}.Release|Any CPU.ActiveCfg = Release|Any CPU
		{849A21D3-5863-4C43-98D3-6B8B83B9300F}.Release|Any CPU.Build.0 = Release|Any CPU
		{849A21D3-5863-4C43-98D3-6B8B83B9300F}.Release|Mixed Platforms.ActiveCfg = Release|Any CPU
		{849A21D3-5863-4C43-98D3-6B8B83B9300F}.Release|Mixed Platforms.Build.0 = Release|Any CPU
		{849A21D3-5863-4C43-98D3-6B8B83B9300F}.Release|x86.ActiveCfg = Release|Any CPU
		{9A64AB73-43A0-47BB-87CD-6FE44FE52062}.Debug|Any CPU.ActiveCfg = Debug|Any CPU
		{9A64AB73-43A0-47BB-87CD-6FE44FE52062}.Debug|Any CPU.Build.0 = Debug|Any CPU
		{9A64AB73-43A0-47BB-87CD-6FE44FE52062}.Debug|Mixed Platforms.ActiveCfg = Debug|Any CPU
		{9A64AB73-43A0-47BB-87CD-6FE44FE52062}.Debug|Mixed Platforms.Build.0 = Debug|Any CPU
		{9A64AB73-43A0-47BB-87CD-6FE44FE52062}.Debug|x86.ActiveCfg = Debug|Any CPU
		{9A64AB73-43A0-47BB-87CD-6FE44FE52062}.Release|Any CPU.ActiveCfg = Release|Any CPU
		{9A64AB73-43A0-47BB-87CD-6FE44FE52062}.Release|Any CPU.Build.0 = Release|Any CPU
		{9A64AB73-43A0-47BB-87CD-6FE44FE52062}.Release|Mixed Platforms.ActiveCfg = Release|Any CPU
		{9A64AB73-43A0-47BB-87CD-6FE44FE52062}.Release|Mixed Platforms.Build.0 = Release|Any CPU
		{9A64AB73-43A0-47BB-87CD-6FE44FE52062}.Release|x86.ActiveCfg = Release|Any CPU
	EndGlobalSection
	GlobalSection(SolutionProperties) = preSolution
		HideSolutionNode = FALSE
	EndGlobalSection
	GlobalSection(SubversionScc) = preSolution
		Svn-Managed = True
		Manager = AnkhSVN - Subversion Support for Visual Studio
	EndGlobalSection
EndGlobal
